
Microsoft Visual Studio Solution File, Format Version 12.00
Project("{FAE04EC0-301F-11D3-BF4B-00C04F79EFBC}") = "API", "API\API.csproj", "{BBF552B7-184F-4C24-B6AB-6BCBC3F5C70D}"
EndProject
Project("{FAE04EC0-301F-11D3-BF4B-00C04F79EFBC}") = "Core", "Core\Core.csproj", "{3FCEEE0A-3406-4C59-BEF0-A215DA8CA2C5}"
EndProject
Project("{FAE04EC0-301F-11D3-BF4B-00C04F79EFBC}") = "Infrastructure", "Infrastructure\Infrastructure.csproj", "{0A4231D7-D546-485D-9B2B-5312A40B45F0}"
EndProject
Global
	GlobalSection(SolutionConfigurationPlatforms) = preSolution
		Debug|Any CPU = Debug|Any CPU
		Release|Any CPU = Release|Any CPU
	EndGlobalSection
	GlobalSection(ProjectConfigurationPlatforms) = postSolution
		{BBF552B7-184F-4C24-B6AB-6BCBC3F5C70D}.Debug|Any CPU.ActiveCfg = Debug|Any CPU
		{BBF552B7-184F-4C24-B6AB-6BCBC3F5C70D}.Debug|Any CPU.Build.0 = Debug|Any CPU
		{BBF552B7-184F-4C24-B6AB-6BCBC3F5C70D}.Release|Any CPU.ActiveCfg = Release|Any CPU
		{BBF552B7-184F-4C24-B6AB-6BCBC3F5C70D}.Release|Any CPU.Build.0 = Release|Any CPU
		{3FCEEE0A-3406-4C59-BEF0-A215DA8CA2C5}.Debug|Any CPU.ActiveCfg = Debug|Any CPU
		{3FCEEE0A-3406-4C59-BEF0-A215DA8CA2C5}.Debug|Any CPU.Build.0 = Debug|Any CPU
		{3FCEEE0A-3406-4C59-BEF0-A215DA8CA2C5}.Release|Any CPU.ActiveCfg = Release|Any CPU
		{3FCEEE0A-3406-4C59-BEF0-A215DA8CA2C5}.Release|Any CPU.Build.0 = Release|Any CPU
		{0A4231D7-D546-485D-9B2B-5312A40B45F0}.Debug|Any CPU.ActiveCfg = Debug|Any CPU
		{0A4231D7-D546-485D-9B2B-5312A40B45F0}.Debug|Any CPU.Build.0 = Debug|Any CPU
		{0A4231D7-D546-485D-9B2B-5312A40B45F0}.Release|Any CPU.ActiveCfg = Release|Any CPU
		{0A4231D7-D546-485D-9B2B-5312A40B45F0}.Release|Any CPU.Build.0 = Release|Any CPU
	EndGlobalSection
EndGlobal
